
Microsoft Visual Studio Solution File, Format Version 12.00
# Visual Studio Version 16
VisualStudioVersion = 16.0.29403.142
MinimumVisualStudioVersion = 10.0.40219.1
Project("{FAE04EC0-301F-11D3-BF4B-00C04F79EFBC}") = "GLobal Mouse Events", "GLobal Mouse Events\GLobal Mouse Events.csproj", "{D88421F2-660E-4601-8FB8-1ED5100B21EF}"
EndProject
Global
	GlobalSection(SolutionConfigurationPlatforms) = preSolution
		Debug|Any CPU = Debug|Any CPU
		Release|Any CPU = Release|Any CPU
	EndGlobalSection
	GlobalSection(ProjectConfigurationPlatforms) = postSolution
		{D88421F2-660E-4601-8FB8-1ED5100B21EF}.Debug|Any CPU.ActiveCfg = Debug|Any CPU
		{D88421F2-660E-4601-8FB8-1ED5100B21EF}.Debug|Any CPU.Build.0 = Debug|Any CPU
		{D88421F2-660E-4601-8FB8-1ED5100B21EF}.Release|Any CPU.ActiveCfg = Release|Any CPU
		{D88421F2-660E-4601-8FB8-1ED5100B21EF}.Release|Any CPU.Build.0 = Release|Any CPU
	EndGlobalSection
	GlobalSection(SolutionProperties) = preSolution
		HideSolutionNode = FALSE
	EndGlobalSection
	GlobalSection(ExtensibilityGlobals) = postSolution
		SolutionGuid = {FF5D81A6-DEA7-43F7-B58C-F43D7E75A1A2}
	EndGlobalSection
EndGlobal
